
Microsoft Visual Studio Solution File, Format Version 12.00
# Visual Studio Version 17
VisualStudioVersion = 17.7.34024.191
MinimumVisualStudioVersion = 10.0.40219.1
Project("{FAE04EC0-301F-11D3-BF4B-00C04F79EFBC}") = "ComponentsTest.UWP", "ComponentsTest.UWP\ComponentsTest.UWP.csproj", "{D05E551C-BA0A-43CD-AFBC-A9AE9405AF9A}"
EndProject
Project("{FAE04EC0-301F-11D3-BF4B-00C04F79EFBC}") = "ComponentsTest.Android", "ComponentsTest.Android\ComponentsTest.Android.csproj", "{1C016242-6D89-41F5-B001-B9FFDBD380EA}"
EndProject
Project("{FAE04EC0-301F-11D3-BF4B-00C04F79EFBC}") = "ComponentsTest.iOS", "ComponentsTest.iOS\ComponentsTest.iOS.csproj", "{E4CF708E-8A47-4E49-A88E-A729B3F6533C}"
EndProject
Project("{FAE04EC0-301F-11D3-BF4B-00C04F79EFBC}") = "ComponentsTest", "ComponentsTest\ComponentsTest.csproj", "{3CF67897-8968-4118-89D8-02C18657FEAC}"
EndProject
Global
	GlobalSection(SolutionConfigurationPlatforms) = preSolution
		Debug|Any CPU = Debug|Any CPU
		Debug|ARM = Debug|ARM
		Debug|iPhone = Debug|iPhone
		Debug|iPhoneSimulator = Debug|iPhoneSimulator
		Debug|x64 = Debug|x64
		Debug|x86 = Debug|x86
		Release|Any CPU = Release|Any CPU
		Release|ARM = Release|ARM
		Release|iPhone = Release|iPhone
		Release|iPhoneSimulator = Release|iPhoneSimulator
		Release|x64 = Release|x64
		Release|x86 = Release|x86
	EndGlobalSection
	GlobalSection(ProjectConfigurationPlatforms) = postSolution
		{D05E551C-BA0A-43CD-AFBC-A9AE9405AF9A}.Debug|Any CPU.ActiveCfg = Debug|x64
		{D05E551C-BA0A-43CD-AFBC-A9AE9405AF9A}.Debug|Any CPU.Build.0 = Debug|x64
		{D05E551C-BA0A-43CD-AFBC-A9AE9405AF9A}.Debug|Any CPU.Deploy.0 = Debug|x64
		{D05E551C-BA0A-43CD-AFBC-A9AE9405AF9A}.Debug|ARM.ActiveCfg = Debug|ARM
		{D05E551C-BA0A-43CD-AFBC-A9AE9405AF9A}.Debug|ARM.Build.0 = Debug|ARM
		{D05E551C-BA0A-43CD-AFBC-A9AE9405AF9A}.Debug|ARM.Deploy.0 = Debug|ARM
		{D05E551C-BA0A-43CD-AFBC-A9AE9405AF9A}.Debug|iPhone.ActiveCfg = Debug|x64
		{D05E551C-BA0A-43CD-AFBC-A9AE9405AF9A}.Debug|iPhone.Build.0 = Debug|x64
		{D05E551C-BA0A-43CD-AFBC-A9AE9405AF9A}.Debug|iPhone.Deploy.0 = Debug|x64
		{D05E551C-BA0A-43CD-AFBC-A9AE9405AF9A}.Debug|iPhoneSimulator.ActiveCfg = Debug|x64
		{D05E551C-BA0A-43CD-AFBC-A9AE9405AF9A}.Debug|iPhoneSimulator.Build.0 = Debug|x64
		{D05E551C-BA0A-43CD-AFBC-A9AE9405AF9A}.Debug|iPhoneSimulator.Deploy.0 = Debug|x64
		{D05E551C-BA0A-43CD-AFBC-A9AE9405AF9A}.Debug|x64.ActiveCfg = Debug|x64
		{D05E551C-BA0A-43CD-AFBC-A9AE9405AF9A}.Debug|x64.Build.0 = Debug|x64
		{D05E551C-BA0A-43CD-AFBC-A9AE9405AF9A}.Debug|x64.Deploy.0 = Debug|x64
		{D05E551C-BA0A-43CD-AFBC-A9AE9405AF9A}.Debug|x86.ActiveCfg = Debug|x86
		{D05E551C-BA0A-43CD-AFBC-A9AE9405AF9A}.Debug|x86.Build.0 = Debug|x86
		{D05E551C-BA0A-43CD-AFBC-A9AE9405AF9A}.Debug|x86.Deploy.0 = Debug|x86
		{D05E551C-BA0A-43CD-AFBC-A9AE9405AF9A}.Release|Any CPU.ActiveCfg = Release|x64
		{D05E551C-BA0A-43CD-AFBC-A9AE9405AF9A}.Release|Any CPU.Build.0 = Release|x64
		{D05E551C-BA0A-43CD-AFBC-A9AE9405AF9A}.Release|Any CPU.Deploy.0 = Release|x64
		{D05E551C-BA0A-43CD-AFBC-A9AE9405AF9A}.Release|ARM.ActiveCfg = Release|ARM
		{D05E551C-BA0A-43CD-AFBC-A9AE9405AF9A}.Release|ARM.Build.0 = Release|ARM
		{D05E551C-BA0A-43CD-AFBC-A9AE9405AF9A}.Release|ARM.Deploy.0 = Release|ARM
		{D05E551C-BA0A-43CD-AFBC-A9AE9405AF9A}.Release|iPhone.ActiveCfg = Release|x64
		{D05E551C-BA0A-43CD-AFBC-A9AE9405AF9A}.Release|iPhone.Build.0 = Release|x64
		{D05E551C-BA0A-43CD-AFBC-A9AE9405AF9A}.Release|iPhone.Deploy.0 = Release|x64
		{D05E551C-BA0A-43CD-AFBC-A9AE9405AF9A}.Release|iPhoneSimulator.ActiveCfg = Release|x64
		{D05E551C-BA0A-43CD-AFBC-A9AE9405AF9A}.Release|iPhoneSimulator.Build.0 = Release|x64
		{D05E551C-BA0A-43CD-AFBC-A9AE9405AF9A}.Release|iPhoneSimulator.Deploy.0 = Release|x64
		{D05E551C-BA0A-43CD-AFBC-A9AE9405AF9A}.Release|x64.ActiveCfg = Release|x64
		{D05E551C-BA0A-43CD-AFBC-A9AE9405AF9A}.Release|x64.Build.0 = Release|x64
		{D05E551C-BA0A-43CD-AFBC-A9AE9405AF9A}.Release|x64.Deploy.0 = Release|x64
		{D05E551C-BA0A-43CD-AFBC-A9AE9405AF9A}.Release|x86.ActiveCfg = Release|x86
		{D05E551C-BA0A-43CD-AFBC-A9AE9405AF9A}.Release|x86.Build.0 = Release|x86
		{D05E551C-BA0A-43CD-AFBC-A9AE9405AF9A}.Release|x86.Deploy.0 = Release|x86
		{1C016242-6D89-41F5-B001-B9FFDBD380EA}.Debug|Any CPU.ActiveCfg = Debug|Any CPU
		{1C016242-6D89-41F5-B001-B9FFDBD380EA}.Debug|Any CPU.Build.0 = Debug|Any CPU
		{1C016242-6D89-41F5-B001-B9FFDBD380EA}.Debug|Any CPU.Deploy.0 = Debug|Any CPU
		{1C016242-6D89-41F5-B001-B9FFDBD380EA}.Debug|ARM.ActiveCfg = Debug|Any CPU
		{1C016242-6D89-41F5-B001-B9FFDBD380EA}.Debug|ARM.Build.0 = Debug|Any CPU
		{1C016242-6D89-41F5-B001-B9FFDBD380EA}.Debug|ARM.Deploy.0 = Debug|Any CPU
		{1C016242-6D89-41F5-B001-B9FFDBD380EA}.Debug|iPhone.ActiveCfg = Debug|Any CPU
		{1C016242-6D89-41F5-B001-B9FFDBD380EA}.Debug|iPhone.Build.0 = Debug|Any CPU
		{1C016242-6D89-41F5-B001-B9FFDBD380EA}.Debug|iPhone.Deploy.0 = Debug|Any CPU
		{1C016242-6D89-41F5-B001-B9FFDBD380EA}.Debug|iPhoneSimulator.ActiveCfg = Debug|Any CPU
		{1C016242-6D89-41F5-B001-B9FFDBD380EA}.Debug|iPhoneSimulator.Build.0 = Debug|Any CPU
		{1C016242-6D89-41F5-B001-B9FFDBD380EA}.Debug|iPhoneSimulator.Deploy.0 = Debug|Any CPU
		{1C016242-6D89-41F5-B001-B9FFDBD380EA}.Debug|x64.ActiveCfg = Debug|Any CPU
		{1C016242-6D89-41F5-B001-B9FFDBD380EA}.Debug|x64.Build.0 = Debug|Any CPU
		{1C016242-6D89-41F5-B001-B9FFDBD380EA}.Debug|x64.Deploy.0 = Debug|Any CPU
		{1C016242-6D89-41F5-B001-B9FFDBD380EA}.Debug|x86.ActiveCfg = Debug|Any CPU
		{1C016242-6D89-41F5-B001-B9FFDBD380EA}.Debug|x86.Build.0 = Debug|Any CPU
		{1C016242-6D89-41F5-B001-B9FFDBD380EA}.Debug|x86.Deploy.0 = Debug|Any CPU
		{1C016242-6D89-41F5-B001-B9FFDBD380EA}.Release|Any CPU.ActiveCfg = Release|Any CPU
		{1C016242-6D89-41F5-B001-B9FFDBD380EA}.Release|Any CPU.Build.0 = Release|Any CPU
		{1C016242-6D89-41F5-B001-B9FFDBD380EA}.Release|Any CPU.Deploy.0 = Release|Any CPU
		{1C016242-6D89-41F5-B001-B9FFDBD380EA}.Release|ARM.ActiveCfg = Release|Any CPU
		{1C016242-6D89-41F5-B001-B9FFDBD380EA}.Release|ARM.Build.0 = Release|Any CPU
		{1C016242-6D89-41F5-B001-B9FFDBD380EA}.Release|ARM.Deploy.0 = Release|Any CPU
		{1C016242-6D89-41F5-B001-B9FFDBD380EA}.Release|iPhone.ActiveCfg = Release|Any CPU
		{1C016242-6D89-41F5-B001-B9FFDBD380EA}.Release|iPhone.Build.0 = Release|Any CPU
		{1C016242-6D89-41F5-B001-B9FFDBD380EA}.Release|iPhone.Deploy.0 = Release|Any CPU
		{1C016242-6D89-41F5-B001-B9FFDBD380EA}.Release|iPhoneSimulator.ActiveCfg = Release|Any CPU
		{1C016242-6D89-41F5-B001-B9FFDBD380EA}.Release|iPhoneSimulator.Build.0 = Release|Any CPU
		{1C016242-6D89-41F5-B001-B9FFDBD380EA}.Release|iPhoneSimulator.Deploy.0 = Release|Any CPU
		{1C016242-6D89-41F5-B001-B9FFDBD380EA}.Release|x64.ActiveCfg = Release|Any CPU
		{1C016242-6D89-41F5-B001-B9FFDBD380EA}.Release|x64.Build.0 = Release|Any CPU
		{1C016242-6D89-41F5-B001-B9FFDBD380EA}.Release|x64.Deploy.0 = Release|Any CPU
		{1C016242-6D89-41F5-B001-B9FFDBD380EA}.Release|x86.ActiveCfg = Release|Any CPU
		{1C016242-6D89-41F5-B001-B9FFDBD380EA}.Release|x86.Build.0 = Release|Any CPU
		{1C016242-6D89-41F5-B001-B9FFDBD380EA}.Release|x86.Deploy.0 = Release|Any CPU
		{E4CF708E-8A47-4E49-A88E-A729B3F6533C}.Debug|Any CPU.ActiveCfg = Debug|iPhoneSimulator
		{E4CF708E-8A47-4E49-A88E-A729B3F6533C}.Debug|Any CPU.Build.0 = Debug|iPhoneSimulator
		{E4CF708E-8A47-4E49-A88E-A729B3F6533C}.Debug|Any CPU.Deploy.0 = Debug|iPhoneSimulator
		{E4CF708E-8A47-4E49-A88E-A729B3F6533C}.Debug|ARM.ActiveCfg = Debug|iPhoneSimulator
		{E4CF708E-8A47-4E49-A88E-A729B3F6533C}.Debug|ARM.Build.0 = Debug|iPhoneSimulator
		{E4CF708E-8A47-4E49-A88E-A729B3F6533C}.Debug|ARM.Deploy.0 = Debug|iPhoneSimulator
		{E4CF708E-8A47-4E49-A88E-A729B3F6533C}.Debug|iPhone.ActiveCfg = Debug|iPhone
		{E4CF708E-8A47-4E49-A88E-A729B3F6533C}.Debug|iPhone.Build.0 = Debug|iPhone
		{E4CF708E-8A47-4E49-A88E-A729B3F6533C}.Debug|iPhone.Deploy.0 = Debug|iPhone
		{E4CF708E-8A47-4E49-A88E-A729B3F6533C}.Debug|iPhoneSimulator.ActiveCfg = Debug|iPhoneSimulator
		{E4CF708E-8A47-4E49-A88E-A729B3F6533C}.Debug|iPhoneSimulator.Build.0 = Debug|iPhoneSimulator
		{E4CF708E-8A47-4E49-A88E-A729B3F6533C}.Debug|iPhoneSimulator.Deploy.0 = Debug|iPhoneSimulator
		{E4CF708E-8A47-4E49-A88E-A729B3F6533C}.Debug|x64.ActiveCfg = Debug|iPhone
		{E4CF708E-8A47-4E49-A88E-A729B3F6533C}.Debug|x64.Build.0 = Debug|iPhone
		{E4CF708E-8A47-4E49-A88E-A729B3F6533C}.Debug|x64.Deploy.0 = Debug|iPhone
		{E4CF708E-8A47-4E49-A88E-A729B3F6533C}.Debug|x86.ActiveCfg = Debug|iPhoneSimulator
		{E4CF708E-8A47-4E49-A88E-A729B3F6533C}.Debug|x86.Build.0 = Debug|iPhoneSimulator
		{E4CF708E-8A47-4E49-A88E-A729B3F6533C}.Debug|x86.Deploy.0 = Debug|iPhoneSimulator
		{E4CF708E-8A47-4E49-A88E-A729B3F6533C}.Release|Any CPU.ActiveCfg = Release|iPhoneSimulator
		{E4CF708E-8A47-4E49-A88E-A729B3F6533C}.Release|Any CPU.Build.0 = Release|iPhoneSimulator
		{E4CF708E-8A47-4E49-A88E-A729B3F6533C}.Release|Any CPU.Deploy.0 = Release|iPhoneSimulator
		{E4CF708E-8A47-4E49-A88E-A729B3F6533C}.Release|ARM.ActiveCfg = Release|iPhoneSimulator
		{E4CF708E-8A47-4E49-A88E-A729B3F6533C}.Release|ARM.Build.0 = Release|iPhoneSimulator
		{E4CF708E-8A47-4E49-A88E-A729B3F6533C}.Release|ARM.Deploy.0 = Release|iPhoneSimulator
		{E4CF708E-8A47-4E49-A88E-A729B3F6533C}.Release|iPhone.ActiveCfg = Release|iPhone
		{E4CF708E-8A47-4E49-A88E-A729B3F6533C}.Release|iPhone.Build.0 = Release|iPhone
		{E4CF708E-8A47-4E49-A88E-A729B3F6533C}.Release|iPhone.Deploy.0 = Release|iPhone
		{E4CF708E-8A47-4E49-A88E-A729B3F6533C}.Release|iPhoneSimulator.ActiveCfg = Release|iPhoneSimulator
		{E4CF708E-8A47-4E49-A88E-A729B3F6533C}.Release|iPhoneSimulator.Build.0 = Release|iPhoneSimulator
		{E4CF708E-8A47-4E49-A88E-A729B3F6533C}.Release|iPhoneSimulator.Deploy.0 = Release|iPhoneSimulator
		{E4CF708E-8A47-4E49-A88E-A729B3F6533C}.Release|x64.ActiveCfg = Release|iPhoneSimulator
		{E4CF708E-8A47-4E49-A88E-A729B3F6533C}.Release|x64.Build.0 = Release|iPhoneSimulator
		{E4CF708E-8A47-4E49-A88E-A729B3F6533C}.Release|x64.Deploy.0 = Release|iPhoneSimulator
		{E4CF708E-8A47-4E49-A88E-A729B3F6533C}.Release|x86.ActiveCfg = Release|iPhoneSimulator
		{E4CF708E-8A47-4E49-A88E-A729B3F6533C}.Release|x86.Build.0 = Release|iPhoneSimulator
		{E4CF708E-8A47-4E49-A88E-A729B3F6533C}.Release|x86.Deploy.0 = Release|iPhoneSimulator
		{3CF67897-8968-4118-89D8-02C18657FEAC}.Debug|Any CPU.ActiveCfg = Debug|Any CPU
		{3CF67897-8968-4118-89D8-02C18657FEAC}.Debug|Any CPU.Build.0 = Debug|Any CPU
		{3CF67897-8968-4118-89D8-02C18657FEAC}.Debug|Any CPU.Deploy.0 = Debug|Any CPU
		{3CF67897-8968-4118-89D8-02C18657FEAC}.Debug|ARM.ActiveCfg = Debug|Any CPU
		{3CF67897-8968-4118-89D8-02C18657FEAC}.Debug|ARM.Build.0 = Debug|Any CPU
		{3CF67897-8968-4118-89D8-02C18657FEAC}.Debug|ARM.Deploy.0 = Debug|Any CPU
		{3CF67897-8968-4118-89D8-02C18657FEAC}.Debug|iPhone.ActiveCfg = Debug|Any CPU
		{3CF67897-8968-4118-89D8-02C18657FEAC}.Debug|iPhone.Build.0 = Debug|Any CPU
		{3CF67897-8968-4118-89D8-02C18657FEAC}.Debug|iPhone.Deploy.0 = Debug|Any CPU
		{3CF67897-8968-4118-89D8-02C18657FEAC}.Debug|iPhoneSimulator.ActiveCfg = Debug|Any CPU
		{3CF67897-8968-4118-89D8-02C18657FEAC}.Debug|iPhoneSimulator.Build.0 = Debug|Any CPU
		{3CF67897-8968-4118-89D8-02C18657FEAC}.Debug|iPhoneSimulator.Deploy.0 = Debug|Any CPU
		{3CF67897-8968-4118-89D8-02C18657FEAC}.Debug|x64.ActiveCfg = Debug|Any CPU
		{3CF67897-8968-4118-89D8-02C18657FEAC}.Debug|x64.Build.0 = Debug|Any CPU
		{3CF67897-8968-4118-89D8-02C18657FEAC}.Debug|x64.Deploy.0 = Debug|Any CPU
		{3CF67897-8968-4118-89D8-02C18657FEAC}.Debug|x86.ActiveCfg = Debug|Any CPU
		{3CF67897-8968-4118-89D8-02C18657FEAC}.Debug|x86.Build.0 = Debug|Any CPU
		{3CF67897-8968-4118-89D8-02C18657FEAC}.Debug|x86.Deploy.0 = Debug|Any CPU
		{3CF67897-8968-4118-89D8-02C18657FEAC}.Release|Any CPU.ActiveCfg = Release|Any CPU
		{3CF67897-8968-4118-89D8-02C18657FEAC}.Release|Any CPU.Build.0 = Release|Any CPU
		{3CF67897-8968-4118-89D8-02C18657FEAC}.Release|Any CPU.Deploy.0 = Release|Any CPU
		{3CF67897-8968-4118-89D8-02C18657FEAC}.Release|ARM.ActiveCfg = Release|Any CPU
		{3CF67897-8968-4118-89D8-02C18657FEAC}.Release|ARM.Build.0 = Release|Any CPU
		{3CF67897-8968-4118-89D8-02C18657FEAC}.Release|ARM.Deploy.0 = Release|Any CPU
		{3CF67897-8968-4118-89D8-02C18657FEAC}.Release|iPhone.ActiveCfg = Release|Any CPU
		{3CF67897-8968-4118-89D8-02C18657FEAC}.Release|iPhone.Build.0 = Release|Any CPU
		{3CF67897-8968-4118-89D8-02C18657FEAC}.Release|iPhone.Deploy.0 = Release|Any CPU
		{3CF67897-8968-4118-89D8-02C18657FEAC}.Release|iPhoneSimulator.ActiveCfg = Release|Any CPU
		{3CF67897-8968-4118-89D8-02C18657FEAC}.Release|iPhoneSimulator.Build.0 = Release|Any CPU
		{3CF67897-8968-4118-89D8-02C18657FEAC}.Release|iPhoneSimulator.Deploy.0 = Release|Any CPU
		{3CF67897-8968-4118-89D8-02C18657FEAC}.Release|x64.ActiveCfg = Release|Any CPU
		{3CF67897-8968-4118-89D8-02C18657FEAC}.Release|x64.Build.0 = Release|Any CPU
		{3CF67897-8968-4118-89D8-02C18657FEAC}.Release|x64.Deploy.0 = Release|Any CPU
		{3CF67897-8968-4118-89D8-02C18657FEAC}.Release|x86.ActiveCfg = Release|Any CPU
		{3CF67897-8968-4118-89D8-02C18657FEAC}.Release|x86.Build.0 = Release|Any CPU
		{3CF67897-8968-4118-89D8-02C18657FEAC}.Release|x86.Deploy.0 = Release|Any CPU
	EndGlobalSection
	GlobalSection(SolutionProperties) = preSolution
		HideSolutionNode = FALSE
	EndGlobalSection
	GlobalSection(ExtensibilityGlobals) = postSolution
		SolutionGuid = {BF1FEADC-6288-4768-B640-CC680867F360}
	EndGlobalSection
EndGlobal
